# THIS IS AN AUTOGENERATED FILE. DO NOT EDIT THIS FILE DIRECTLY.
# yarn lockfile v1


call-bind@^1.0.2:
  version "1.0.2"
  resolved "https://registry.yarnpkg.com/call-bind/-/call-bind-1.0.2.tgz#b1d4e89e688119c3c9a903ad30abb2f6a919be3c"
  integrity sha512-7O+FbCihrB5WGbFYesctwmTKae6rOiIzmz1icreWJ+0aA7LJfuqhEso2T9ncpcFtzMQtzXf2QGGueWJGTYsqrA==
  dependencies:
    function-bind "^1.1.1"
    get-intrinsic "^1.0.2"

clone@^2.1.1:
  version "2.1.2"
  resolved "https://registry.yarnpkg.com/clone/-/clone-2.1.2.tgz#1b7f4b9f591f1e8f83670401600345a02887435f"
  integrity sha1-G39Ln1kfHo+DZwQBYANFoCiHQ18=

core-js@^3.8.3:
  version "3.22.5"
  resolved "https://registry.yarnpkg.com/core-js/-/core-js-3.22.5.tgz#a5f5a58e663d5c0ebb4e680cd7be37536fb2a9cf"
  integrity sha512-VP/xYuvJ0MJWRAobcmQ8F2H6Bsn+s7zqAAjFaHGBMc5AQm7zaelhD1LGduFn2EehEcQcU+br6t+fwbpQ5d1ZWA==

deep-equal@^1.0.1:
  version "1.1.1"
  resolved "https://registry.yarnpkg.com/deep-equal/-/deep-equal-1.1.1.tgz#b5c98c942ceffaf7cb051e24e1434a25a2e6076a"
  integrity sha512-yd9c5AdiqVcR+JjcwUQb9DkhJc8ngNr0MahEBGvDiJw8puWab2yZlh+nkasOnZP+EGTAP6rRp2JzJhJZzvNF8g==
  dependencies:
    is-arguments "^1.0.4"
    is-date-object "^1.0.1"
    is-regex "^1.0.4"
    object-is "^1.0.1"
    object-keys "^1.1.1"
    regexp.prototype.flags "^1.2.0"

define-properties@^1.1.3:
  version "1.1.4"
  resolved "https://registry.yarnpkg.com/define-properties/-/define-properties-1.1.4.tgz#0b14d7bd7fbeb2f3572c3a7eda80ea5d57fb05b1"
  integrity sha512-uckOqKcfaVvtBdsVkdPv3XjveQJsNQqmhXgRi8uhvWWuPYZCNlzT8qAyblUgNoXdHdjMTzAqeGjAoli8f+bzPA==
  dependencies:
    has-property-descriptors "^1.0.0"
    object-keys "^1.1.1"

emoji-mart@^5.0.0:
  version "5.0.0"
  resolved "https://registry.yarnpkg.com/emoji-mart/-/emoji-mart-5.0.0.tgz#1c16bf4e675c59c08a73b11e385cf1cc4d425b27"
  integrity sha512-4O75LxV/RPOrtC9+0qhHhfPgJgW/Kwc4zv15h190liC3vJ/5RVibIrnPlDZ0xqYx0bPVOy3W/QcDTZY+jq1qOw==

eventemitter3@^2.0.3:
  version "2.0.3"
  resolved "https://registry.yarnpkg.com/eventemitter3/-/eventemitter3-2.0.3.tgz#b5e1079b59fb5e1ba2771c0a993be060a58c99ba"
  integrity sha1-teEHm1n7XhuidxwKmTvgYKWMmbo=

extend@^3.0.2:
  version "3.0.2"
  resolved "https://registry.yarnpkg.com/extend/-/extend-3.0.2.tgz#f8b1136b4071fbd8eb140aff858b1019ec2915fa"
  integrity sha512-fjquC59cD7CyW6urNXK0FBufkZcoiGG80wTuPujX590cB5Ttln20E2UB4S/WARVqhXffZl2LNgS+gQdPIIim/g==

fast-diff@1.1.2:
  version "1.1.2"
  resolved "https://registry.yarnpkg.com/fast-diff/-/fast-diff-1.1.2.tgz#4b62c42b8e03de3f848460b639079920695d0154"
  integrity sha512-KaJUt+M9t1qaIteSvjc6P3RbMdXsNhK61GRftR6SNxqmhthcd9MGIi4T+o0jD8LUSpSnSKXE20nLtJ3fOHxQig==

function-bind@^1.1.1:
  version "1.1.1"
  resolved "https://registry.yarnpkg.com/function-bind/-/function-bind-1.1.1.tgz#a56899d3ea3c9bab874bb9773b7c5ede92f4895d"
  integrity sha512-yIovAzMX49sF8Yl58fSCWJ5svSLuaibPxXQJFLmBObTuCr0Mf1KiPopGM9NiFjiYBCbfaa2Fh6breQ6ANVTI0A==

functions-have-names@^1.2.2:
  version "1.2.3"
  resolved "https://registry.yarnpkg.com/functions-have-names/-/functions-have-names-1.2.3.tgz#0404fe4ee2ba2f607f0e0ec3c80bae994133b834"
  integrity sha512-xckBUXyTIqT97tq2x2AMb+g163b5JFysYk0x4qxNFwbfQkmNZoiRHb6sPzI9/QV33WeuvVYBUIiD4NzNIyqaRQ==

get-intrinsic@^1.0.2, get-intrinsic@^1.1.1:
  version "1.1.1"
  resolved "https://registry.yarnpkg.com/get-intrinsic/-/get-intrinsic-1.1.1.tgz#15f59f376f855c446963948f0d24cd3637b4abc6"
  integrity sha512-kWZrnVM42QCiEA2Ig1bG8zjoIMOgxWwYCEeNdwY6Tv/cOSeGpcoX4pXHfKUxNKVoArnrEr2e9srnAxxGIraS9Q==
  dependencies:
    function-bind "^1.1.1"
    has "^1.0.3"
    has-symbols "^1.0.1"

has-property-descriptors@^1.0.0:
  version "1.0.0"
  resolved "https://registry.yarnpkg.com/has-property-descriptors/-/has-property-descriptors-1.0.0.tgz#610708600606d36961ed04c196193b6a607fa861"
  integrity sha512-62DVLZGoiEBDHQyqG4w9xCuZ7eJEwNmJRWw2VY84Oedb7WFcA27fiEVe8oUQx9hAUJ4ekurquucTGwsyO1XGdQ==
  dependencies:
    get-intrinsic "^1.1.1"

has-symbols@^1.0.1, has-symbols@^1.0.2:
  version "1.0.3"
  resolved "https://registry.yarnpkg.com/has-symbols/-/has-symbols-1.0.3.tgz#bb7b2c4349251dce87b125f7bdf874aa7c8b39f8"
  integrity sha512-l3LCuF6MgDNwTDKkdYGEihYjt5pRPbEg46rtlmnSPlUbgmB8LOIrKJbYYFBSbnPaJexMKtiPO8hmeRjRz2Td+A==

has-tostringtag@^1.0.0:
  version "1.0.0"
  resolved "https://registry.yarnpkg.com/has-tostringtag/-/has-tostringtag-1.0.0.tgz#7e133818a7d394734f941e73c3d3f9291e658b25"
  integrity sha512-kFjcSNhnlGV1kyoGk7OXKSawH5JOb/LzUc5w9B02hOTO0dfFRjbHQKvg1d6cf3HbeUmtU9VbbV3qzZ2Teh97WQ==
  dependencies:
    has-symbols "^1.0.2"

has@^1.0.3:
  version "1.0.3"
  resolved "https://registry.yarnpkg.com/has/-/has-1.0.3.tgz#722d7cbfc1f6aa8241f16dd814e011e1f41e8796"
  integrity sha512-f2dvO0VU6Oej7RkWJGrehjbzMAjFp5/VKPp5tTpWIV4JHHZK1/BxbFRtf/siA2SWTe09caDmVtYYzWEIbBS4zw==
  dependencies:
    function-bind "^1.1.1"

insert-text-at-cursor@^0.3.0:
  version "0.3.0"
  resolved "https://registry.yarnpkg.com/insert-text-at-cursor/-/insert-text-at-cursor-0.3.0.tgz#1819607680ec1570618347c4cd475e791faa25da"
  integrity sha512-/nPtyeX9xPUvxZf+r0518B7uqNKlP+LqNJqSiXFEaa2T71rWIwTVXGH7hB9xO/EVdwa5/pWlFCPwShOW81XIxQ==

is-arguments@^1.0.4:
  version "1.1.1"
  resolved "https://registry.yarnpkg.com/is-arguments/-/is-arguments-1.1.1.tgz#15b3f88fda01f2a97fec84ca761a560f123efa9b"
  integrity sha512-8Q7EARjzEnKpt/PCD7e1cgUS0a6X8u5tdSiMqXhojOdoV9TsMsiO+9VLC5vAmO8N7/GmXn7yjR8qnA6bVAEzfA==
  dependencies:
    call-bind "^1.0.2"
    has-tostringtag "^1.0.0"

is-date-object@^1.0.1:
  version "1.0.5"
  resolved "https://registry.yarnpkg.com/is-date-object/-/is-date-object-1.0.5.tgz#0841d5536e724c25597bf6ea62e1bd38298df31f"
  integrity sha512-9YQaSxsAiSwcvS33MBk3wTCVnWK+HhF8VZR2jRxehM16QcVOdHqPn4VPHmRK4lSr38n9JriurInLcP90xsYNfQ==
  dependencies:
    has-tostringtag "^1.0.0"

is-regex@^1.0.4:
  version "1.1.4"
  resolved "https://registry.yarnpkg.com/is-regex/-/is-regex-1.1.4.tgz#eef5663cd59fa4c0ae339505323df6854bb15958"
  integrity sha512-kvRdxDsxZjhzUX07ZnLydzS1TU/TJlTUHHY4YLL87e37oUA49DfkLqgy+VjFocowy29cKvcSiu+kIv728jTTVg==
  dependencies:
    call-bind "^1.0.2"
    has-tostringtag "^1.0.0"

object-is@^1.0.1:
  version "1.1.5"
  resolved "https://registry.yarnpkg.com/object-is/-/object-is-1.1.5.tgz#b9deeaa5fc7f1846a0faecdceec138e5778f53ac"
  integrity sha512-3cyDsyHgtmi7I7DfSSI2LDp6SK2lwvtbg0p0R1e0RvTqF5ceGx+K2dfSjm1bKDMVCFEDAQvy+o8c6a7VujOddw==
  dependencies:
    call-bind "^1.0.2"
    define-properties "^1.1.3"

object-keys@^1.1.1:
  version "1.1.1"
  resolved "https://registry.yarnpkg.com/object-keys/-/object-keys-1.1.1.tgz#1c47f272df277f3b1daf061677d9c82e2322c60e"
  integrity sha512-NuAESUOUMrlIXOfHKzD6bpPu3tYt3xvjNdRIQ+FeT0lNb4K8WR70CaDxhuNguS2XG+GjkyMwOzsN5ZktImfhLA==

parchment@^1.1.4:
  version "1.1.4"
  resolved "https://registry.yarnpkg.com/parchment/-/parchment-1.1.4.tgz#aeded7ab938fe921d4c34bc339ce1168bc2ffde5"
  integrity sha512-J5FBQt/pM2inLzg4hEWmzQx/8h8D0CiDxaG3vyp9rKrQRSDgBlhjdP5jQGgosEajXPSQouXGHOmVdgo7QmJuOg==

quill-delta@^3.6.2:
  version "3.6.3"
  resolved "https://registry.yarnpkg.com/quill-delta/-/quill-delta-3.6.3.tgz#b19fd2b89412301c60e1ff213d8d860eac0f1032"
  integrity sha512-wdIGBlcX13tCHOXGMVnnTVFtGRLoP0imqxM696fIPwIf5ODIYUHIvHbZcyvGlZFiFhK5XzDC2lpjbxRhnM05Tg==
  dependencies:
    deep-equal "^1.0.1"
    extend "^3.0.2"
    fast-diff "1.1.2"

quill-mention@^3.1.0:
  version "3.1.0"
  resolved "https://registry.yarnpkg.com/quill-mention/-/quill-mention-3.1.0.tgz#acf0bf21524b627e9304f63534e6d2b8c59ab4fd"
  integrity sha512-uyjGK8QPJHEcjvNc3wUJy6a05Oiu+6JJ0N9SFAwjYHYThgMzlKucyD975fq28Mr1it8ZFRNiRMPa0sCiVOAEwA==
  dependencies:
    quill "^1.3.7"

quill@^1.3.7:
  version "1.3.7"
  resolved "https://registry.yarnpkg.com/quill/-/quill-1.3.7.tgz#da5b2f3a2c470e932340cdbf3668c9f21f9286e8"
  integrity sha512-hG/DVzh/TiknWtE6QmWAF/pxoZKYxfe3J/d/+ShUWkDvvkZQVTPeVmUJVu1uE6DDooC4fWTiCLh84ul89oNz5g==
  dependencies:
    clone "^2.1.1"
    deep-equal "^1.0.1"
    eventemitter3 "^2.0.3"
    extend "^3.0.2"
    parchment "^1.1.4"
    quill-delta "^3.6.2"

quilljs-markdown@^1.1.10:
  version "1.1.11"
  resolved "https://registry.yarnpkg.com/quilljs-markdown/-/quilljs-markdown-1.1.11.tgz#b91b4353121dab7f80c9714600a4eb52f4828671"
  integrity sha512-OSrP2agiEXKsk/772Vkbky8Zj560Keq9Suf0muOr47+99QsZEIFc8hFk5Gy7Tvb60wzorGMG6xZCHIkGjC+57A==
  dependencies:
    core-js "^3.8.3"
    regenerator-runtime "^0.13.7"

regenerator-runtime@^0.13.7:
  version "0.13.9"
  resolved "https://registry.yarnpkg.com/regenerator-runtime/-/regenerator-runtime-0.13.9.tgz#8925742a98ffd90814988d7566ad30ca3b263b52"
  integrity sha512-p3VT+cOEgxFsRRA9X4lkI1E+k2/CtnKtU4gcxyaCUreilL/vqI6CdZ3wxVUx3UOUg+gnUOQQcRI7BmSI656MYA==

regexp.prototype.flags@^1.2.0:
  version "1.4.3"
  resolved "https://registry.yarnpkg.com/regexp.prototype.flags/-/regexp.prototype.flags-1.4.3.tgz#87cab30f80f66660181a3bb7bf5981a872b367ac"
  integrity sha512-fjggEOO3slI6Wvgjwflkc4NFRCTZAu5CnNfBd5qOMYhWdn67nJBBu34/TkD++eeFmd8C9r9jfXJ27+nSiRkSUA==
  dependencies:
    call-bind "^1.0.2"
    define-properties "^1.1.3"
    functions-have-names "^1.2.2"
